
Microsoft Visual Studio Solution File, Format Version 12.00
Project("{FAE04EC0-301F-11D3-BF4B-00C04F79EFBC}") = "CaseManager", "CaseManager\CaseManager.csproj", "{4F73FAC3-8B3E-49F0-807E-7B4A30B6D39C}"
EndProject
Global
	GlobalSection(SolutionConfigurationPlatforms) = preSolution
		Debug|Any CPU = Debug|Any CPU
		Release|Any CPU = Release|Any CPU
	EndGlobalSection
	GlobalSection(ProjectConfigurationPlatforms) = postSolution
		{4F73FAC3-8B3E-49F0-807E-7B4A30B6D39C}.Debug|Any CPU.ActiveCfg = Debug|Any CPU
		{4F73FAC3-8B3E-49F0-807E-7B4A30B6D39C}.Debug|Any CPU.Build.0 = Debug|Any CPU
		{4F73FAC3-8B3E-49F0-807E-7B4A30B6D39C}.Release|Any CPU.ActiveCfg = Release|Any CPU
		{4F73FAC3-8B3E-49F0-807E-7B4A30B6D39C}.Release|Any CPU.Build.0 = Release|Any CPU
	EndGlobalSection
EndGlobal
